<?xml version="1.0" encoding="utf-8"?>
<Project ToolsVersion="4.0" xmlns="http://schemas.microsoft.com/developer/msbuild/2003">
  <ItemGroup>
    <Filter Include="Assets">
      <UniqueIdentifier>d033d3ad-961f-4f0a-9e08-3f0194ab7aac</UniqueIdentifier>
      <Extensions>bmp;fbx;gif;jpg;jpeg;tga;tiff;tif;png</Extensions>
    </Filter>
    <Image Include="Assets\LockScreenLogo.scale-200.png">
      <Filter>Assets</Filter>
    </Image>
    <Image Include="Assets\SplashScreen.scale-200.png">
      <Filter>Assets</Filter>
    </Image>
    <Image Include="Assets\Square150x150Logo.scale-200.png">
      <Filter>Assets</Filter>
    </Image>
    <Image Include="Assets\Square44x44Logo.scale-200.png">
      <Filter>Assets</Filter>
    </Image>
    <Image Include="Assets\Square44x44Logo.targetsize-24_altform-unplated.png">
      <Filter>Assets</Filter>
    </Image>
    <Image Include="Assets\StoreLogo.png">
      <Filter>Assets</Filter>
    </Image>
    <Image Include="Assets\Wide310x150Logo.scale-200.png">
      <Filter>Assets</Filter>
    </Image>
    <Filter Include="ImGUI">
      <UniqueIdentifier>{2306489d-8876-4906-80ec-9340122af37f}</UniqueIdentifier>
    </Filter>
    <Filter Include="ImGUI\Headers">
      <UniqueIdentifier>{738626ff-ef63-4b91-b41b-adb35fb2c06b}</UniqueIdentifier>
    </Filter>
    <Filter Include="ImGUI\Source">
      <UniqueIdentifier>{0f9bbfac-5bf4-4b1a-ab60-d9b1d089b7d7}</UniqueIdentifier>
    </Filter>
    <Filter Include="Graphics">
      <UniqueIdentifier>{e14dfc4b-4bb0-4c8c-84a1-b8ec43d53ae4}</UniqueIdentifier>
    </Filter>
    <Filter Include="Graphics\DirectX">
      <UniqueIdentifier>{ee9ae49c-6de6-4318-802a-6bc54083bf9d}</UniqueIdentifier>
    </Filter>
    <Filter Include="Utility">
      <UniqueIdentifier>{54fa12a5-fa54-47f8-ab7f-525980405a2d}</UniqueIdentifier>
    </Filter>
    <Filter Include="Utility\Time">
      <UniqueIdentifier>{fa190ac5-e3d8-4aef-8b3d-767b9cdcf880}</UniqueIdentifier>
    </Filter>
    <Filter Include="Graphics\DeviceResources">
      <UniqueIdentifier>{45b3b99f-4615-4044-9e39-d7ca31a052f9}</UniqueIdentifier>
    </Filter>
    <Filter Include="Graphics\Shaders">
      <UniqueIdentifier>{dc881213-7cc1-4d83-8a42-1a0aa06e76d1}</UniqueIdentifier>
    </Filter>
    <Filter Include="Graphics\DirectX\Headers">
      <UniqueIdentifier>{f5df9f81-9a87-4ea7-93bc-3e0e3a3736f4}</UniqueIdentifier>
    </Filter>
    <Filter Include="Graphics\DeviceResources\Headers">
      <UniqueIdentifier>{91883d04-718b-48e4-8cfa-93e01fd8b03e}</UniqueIdentifier>
    </Filter>
    <Filter Include="Graphics\DeviceResources\Source">
      <UniqueIdentifier>{d9396368-64e2-400d-9b25-81534be78db9}</UniqueIdentifier>
    </Filter>
    <Filter Include="Graphics\SceneRenderers">
      <UniqueIdentifier>{3eea0af9-6569-48bb-98d8-46594516d9da}</UniqueIdentifier>
    </Filter>
    <Filter Include="Graphics\SceneRenderers\Headers">
      <UniqueIdentifier>{3867a702-d1ee-4595-9721-6f3e7fc9972a}</UniqueIdentifier>
    </Filter>
    <Filter Include="Graphics\SceneRenderers\Source">
      <UniqueIdentifier>{fd9e492b-d264-4fb6-89d2-1392f7f82917}</UniqueIdentifier>
    </Filter>
    <Filter Include="Graphics\Shaders\SampleShaders">
      <UniqueIdentifier>{5efdde17-ca5b-4cc2-96f0-733441c3136b}</UniqueIdentifier>
    </Filter>
    <Filter Include="Graphics\Shaders\SampleShaders\VS">
      <UniqueIdentifier>{80d76ace-c319-4625-b2fa-a99a3841b7d9}</UniqueIdentifier>
    </Filter>
    <Filter Include="Graphics\Shaders\SampleShaders\PS">
      <UniqueIdentifier>{2f86de55-a3aa-482e-83d5-a4ad9ee282d1}</UniqueIdentifier>
    </Filter>
    <Filter Include="Utility\Time\StepTimer">
      <UniqueIdentifier>{8b609859-e9de-4b7e-a404-4b044c4ef829}</UniqueIdentifier>
    </Filter>
    <Filter Include="Utility\Time\HighResolutionClock">
      <UniqueIdentifier>{e6811f4e-a010-4901-a995-12e1d3e273d0}</UniqueIdentifier>
    </Filter>
    <Filter Include="Utility\Time\HighResolutionClock\Headers">
      <UniqueIdentifier>{f1d05cfe-4b21-4f77-9346-74e0b37d336e}</UniqueIdentifier>
    </Filter>
    <Filter Include="Utility\Time\HighResolutionClock\Source">
      <UniqueIdentifier>{754b8177-142b-4132-99d2-afb71f120aab}</UniqueIdentifier>
    </Filter>
    <Filter Include="Graphics\DirectX\Source">
      <UniqueIdentifier>{de06b3a7-4222-4f9e-9b95-cc91299bbbd5}</UniqueIdentifier>
    </Filter>
    <Filter Include="Scene">
      <UniqueIdentifier>{d34f00f2-ea8d-4641-af26-850c90482635}</UniqueIdentifier>
    </Filter>
    <Filter Include="Scene\Headers">
      <UniqueIdentifier>{d7f1ecdd-301f-4f85-9480-a4d01e04ad2c}</UniqueIdentifier>
    </Filter>
    <Filter Include="Scene\Source">
      <UniqueIdentifier>{d7a0f49c-2242-4e75-8c9d-d6a3c0192f44}</UniqueIdentifier>
    </Filter>
    <Filter Include="Utility\Debugging">
      <UniqueIdentifier>{10c1ff94-4f62-4156-ae2d-e3cc37a452a4}</UniqueIdentifier>
    </Filter>
    <Filter Include="Utility\Memory">
      <UniqueIdentifier>{aaa64622-0bda-4eb2-8be2-367a640d01f5}</UniqueIdentifier>
    </Filter>
    <Filter Include="Utility\Memory\Allocators">
      <UniqueIdentifier>{77c033a8-b995-4233-8051-1d3d7cdd9fe6}</UniqueIdentifier>
    </Filter>
    <Filter Include="Graphics\Shaders\VoxelGI">
      <UniqueIdentifier>{56998d29-48e2-43bc-a282-5f22d07bf9d7}</UniqueIdentifier>
    </Filter>
    <Filter Include="Graphics\Shaders\VoxelGI\GS">
      <UniqueIdentifier>{058f7029-8d30-49ba-b7cf-4bf63cbcd4b8}</UniqueIdentifier>
    </Filter>
    <Filter Include="Graphics\Shaders\VoxelGI\PS">
      <UniqueIdentifier>{e1f2ce5e-8156-448a-acb3-d44cc986096f}</UniqueIdentifier>
    </Filter>
    <Filter Include="Graphics\Shaders\VoxelGI\HF">
      <UniqueIdentifier>{797d94ee-71e4-409b-9d63-5554ebb52da5}</UniqueIdentifier>
    </Filter>
  </ItemGroup>
  <ItemGroup>
    <ClCompile Include="App.cpp" />
    <ClCompile Include="VoxelConeTracingMain.cpp" />
    <ClCompile Include="Graphics\DeviceResources\DeviceResources.cpp">
      <Filter>Graphics\DeviceResources\Source</Filter>
    </ClCompile>
    <ClCompile Include="Graphics\SceneRenderers\3DSceneRenderer.cpp">
      <Filter>Graphics\SceneRenderers\Source</Filter>
    </ClCompile>
    <ClCompile Include="ImGUI\imgui.cpp">
      <Filter>ImGUI\Source</Filter>
    </ClCompile>
    <ClCompile Include="ImGUI\imgui_draw.cpp">
      <Filter>ImGUI\Source</Filter>
    </ClCompile>
    <ClCompile Include="ImGUI\imgui_impl_dx12.cpp">
      <Filter>ImGUI\Source</Filter>
    </ClCompile>
    <ClCompile Include="ImGUI\imgui_tables.cpp">
      <Filter>ImGUI\Source</Filter>
    </ClCompile>
    <ClCompile Include="ImGUI\imgui_widgets.cpp">
      <Filter>ImGUI\Source</Filter>
    </ClCompile>
    <ClCompile Include="ImGUI\imgui_demo.cpp">
      <Filter>ImGUI\Source</Filter>
    </ClCompile>
    <ClCompile Include="ImGUI\imgui_impl_UWP.cpp">
      <Filter>ImGUI\Source</Filter>
    </ClCompile>
    <ClCompile Include="Utility\Time\HighResolutionClock.cpp">
      <Filter>Utility\Time\HighResolutionClock\Source</Filter>
    </ClCompile>
    <ClCompile Include="Scene\Mesh.cpp">
      <Filter>Scene\Source</Filter>
    </ClCompile>
    <ClCompile Include="Scene\Camera.cpp">
      <Filter>Scene\Source</Filter>
    </ClCompile>
  </ItemGroup>
  <ItemGroup>
    <ClInclude Include="App.h" />
    <ClInclude Include="VoxelConeTracingMain.h" />
    <ClInclude Include="pch.h" />
    <ClInclude Include="ImGUI\imconfig.h">
      <Filter>ImGUI\Headers</Filter>
    </ClInclude>
    <ClInclude Include="ImGUI\imgui.h">
      <Filter>ImGUI\Headers</Filter>
    </ClInclude>
    <ClInclude Include="ImGUI\imgui_impl_dx12.h">
      <Filter>ImGUI\Headers</Filter>
    </ClInclude>
    <ClInclude Include="ImGUI\imgui_internal.h">
      <Filter>ImGUI\Headers</Filter>
    </ClInclude>
    <ClInclude Include="ImGUI\imstb_rectpack.h">
      <Filter>ImGUI\Headers</Filter>
    </ClInclude>
    <ClInclude Include="ImGUI\imstb_textedit.h">
      <Filter>ImGUI\Headers</Filter>
    </ClInclude>
    <ClInclude Include="ImGUI\imstb_truetype.h">
      <Filter>ImGUI\Headers</Filter>
    </ClInclude>
    <ClInclude Include="Graphics\DirectX\d3dx12.h">
      <Filter>Graphics\DirectX\Headers</Filter>
    </ClInclude>
    <ClInclude Include="Graphics\DirectX\DirectXHelper.h">
      <Filter>Graphics\DirectX\Headers</Filter>
    </ClInclude>
    <ClInclude Include="Graphics\DeviceResources\DeviceResources.h">
      <Filter>Graphics\DeviceResources\Headers</Filter>
    </ClInclude>
    <ClInclude Include="Graphics\SceneRenderers\3DSceneRenderer.h">
      <Filter>Graphics\SceneRenderers\Headers</Filter>
    </ClInclude>
    <ClInclude Include="ImGUI\imgui_impl_UWP.h">
      <Filter>ImGUI\Headers</Filter>
    </ClInclude>
    <ClInclude Include="Utility\Time\StepTimer.h">
      <Filter>Utility\Time\StepTimer</Filter>
    </ClInclude>
    <ClInclude Include="Utility\Time\HighResolutionClock.h">
      <Filter>Utility\Time\HighResolutionClock\Headers</Filter>
    </ClInclude>
    <ClInclude Include="Graphics\DirectX\Buffer.h">
      <Filter>Graphics\DirectX\Headers</Filter>
    </ClInclude>
    <ClInclude Include="Graphics\DirectX\ByteAddressBuffer.h">
      <Filter>Graphics\DirectX\Headers</Filter>
    </ClInclude>
    <ClInclude Include="Graphics\DirectX\CommandList.h">
      <Filter>Graphics\DirectX\Headers</Filter>
    </ClInclude>
    <ClInclude Include="Graphics\DirectX\CommandQueue.h">
      <Filter>Graphics\DirectX\Headers</Filter>
    </ClInclude>
    <ClInclude Include="Graphics\DirectX\ConstantBuffer.h">
      <Filter>Graphics\DirectX\Headers</Filter>
    </ClInclude>
    <ClInclude Include="Graphics\DirectX\Defines.h">
      <Filter>Graphics\DirectX\Headers</Filter>
    </ClInclude>
    <ClInclude Include="Graphics\DirectX\DescriptorAllocation.h">
      <Filter>Graphics\DirectX\Headers</Filter>
    </ClInclude>
    <ClInclude Include="Graphics\DirectX\DescriptorAllocator.h">
      <Filter>Graphics\DirectX\Headers</Filter>
    </ClInclude>
    <ClInclude Include="Graphics\DirectX\DescriptorAllocatorPage.h">
      <Filter>Graphics\DirectX\Headers</Filter>
    </ClInclude>
    <ClInclude Include="Graphics\DirectX\DynamicDescriptorHeap.h">
      <Filter>Graphics\DirectX\Headers</Filter>
    </ClInclude>
    <ClInclude Include="Graphics\DirectX\GenerateMipsPSO.h">
      <Filter>Graphics\DirectX\Headers</Filter>
    </ClInclude>
    <ClInclude Include="Graphics\DirectX\IndexBuffer.h">
      <Filter>Graphics\DirectX\Headers</Filter>
    </ClInclude>
    <ClInclude Include="Graphics\DirectX\KeyCodes.h">
      <Filter>Graphics\DirectX\Headers</Filter>
    </ClInclude>
    <ClInclude Include="Graphics\DirectX\PanoToCubemapPSO.h">
      <Filter>Graphics\DirectX\Headers</Filter>
    </ClInclude>
    <ClInclude Include="Graphics\DirectX\RenderTarget.h">
      <Filter>Graphics\DirectX\Headers</Filter>
    </ClInclude>
    <ClInclude Include="Graphics\DirectX\Resource.h">
      <Filter>Graphics\DirectX\Headers</Filter>
    </ClInclude>
    <ClInclude Include="Graphics\DirectX\ResourceStateTracker.h">
      <Filter>Graphics\DirectX\Headers</Filter>
    </ClInclude>
    <ClInclude Include="Graphics\DirectX\RootSignature.h">
      <Filter>Graphics\DirectX\Headers</Filter>
    </ClInclude>
    <ClInclude Include="Graphics\DirectX\StructuredBuffer.h">
      <Filter>Graphics\DirectX\Headers</Filter>
    </ClInclude>
    <ClInclude Include="Graphics\DirectX\Texture.h">
      <Filter>Graphics\DirectX\Headers</Filter>
    </ClInclude>
    <ClInclude Include="Graphics\DirectX\TextureUsage.h">
      <Filter>Graphics\DirectX\Headers</Filter>
    </ClInclude>
    <ClInclude Include="Graphics\DirectX\ThreadSafeQueue.h">
      <Filter>Graphics\DirectX\Headers</Filter>
    </ClInclude>
    <ClInclude Include="Graphics\DirectX\UploadBuffer.h">
      <Filter>Graphics\DirectX\Headers</Filter>
    </ClInclude>
    <ClInclude Include="Graphics\DirectX\VertexBuffer.h">
      <Filter>Graphics\DirectX\Headers</Filter>
    </ClInclude>
    <ClInclude Include="Scene\Mesh.h">
      <Filter>Scene\Headers</Filter>
    </ClInclude>
    <ClInclude Include="Utility\Memory\Allocators\PreAllocator.h">
      <Filter>Utility\Memory\Allocators</Filter>
    </ClInclude>
    <ClInclude Include="Scene\Camera.h">
      <Filter>Scene\Headers</Filter>
    </ClInclude>
    <ClInclude Include="resource.h" />
    <ClInclude Include="Utility\Debugging\DebugMessage.h">
      <Filter>Utility\Debugging</Filter>
    </ClInclude>
    <ClInclude Include="Graphics\DeviceResources\DeviceResourcesCommon.h">
      <Filter>Graphics\DeviceResources\Headers</Filter>
    </ClInclude>
    <ClInclude Include="Scene\Light.h">
      <Filter>Scene\Headers</Filter>
    </ClInclude>
  </ItemGroup>
  <ItemGroup>
    <AppxManifest Include="Package.appxmanifest" />
  </ItemGroup>
  <ItemGroup>
    <None Include="pch.cpp" />
    <None Include="Graphics\DirectX\Buffer.cpp">
      <Filter>Graphics\DirectX\Source</Filter>
    </None>
    <None Include="Graphics\DirectX\ByteAddressBuffer.cpp">
      <Filter>Graphics\DirectX\Source</Filter>
    </None>
    <None Include="Graphics\DirectX\CommandList.cpp">
      <Filter>Graphics\DirectX\Source</Filter>
    </None>
    <None Include="Graphics\DirectX\CommandQueue.cpp">
      <Filter>Graphics\DirectX\Source</Filter>
    </None>
    <None Include="Graphics\DirectX\ConstantBuffer.cpp">
      <Filter>Graphics\DirectX\Source</Filter>
    </None>
    <None Include="Graphics\DirectX\DescriptorAllocation.cpp">
      <Filter>Graphics\DirectX\Source</Filter>
    </None>
    <None Include="Graphics\DirectX\DescriptorAllocator.cpp">
      <Filter>Graphics\DirectX\Source</Filter>
    </None>
    <None Include="Graphics\DirectX\DescriptorAllocatorPage.cpp">
      <Filter>Graphics\DirectX\Source</Filter>
    </None>
    <None Include="Graphics\DirectX\DynamicDescriptorHeap.cpp">
      <Filter>Graphics\DirectX\Source</Filter>
    </None>
    <None Include="Graphics\DirectX\GenerateMipsPSO.cpp">
      <Filter>Graphics\DirectX\Source</Filter>
    </None>
    <None Include="Graphics\DirectX\IndexBuffer.cpp">
      <Filter>Graphics\DirectX\Source</Filter>
    </None>
    <None Include="Graphics\DirectX\PanoToCubemapPSO.cpp">
      <Filter>Graphics\DirectX\Source</Filter>
    </None>
    <None Include="Graphics\DirectX\RenderTarget.cpp">
      <Filter>Graphics\DirectX\Source</Filter>
    </None>
    <None Include="Graphics\DirectX\Resource.cpp">
      <Filter>Graphics\DirectX\Source</Filter>
    </None>
    <None Include="Graphics\DirectX\ResourceStateTracker.cpp">
      <Filter>Graphics\DirectX\Source</Filter>
    </None>
    <None Include="Graphics\DirectX\RootSignature.cpp">
      <Filter>Graphics\DirectX\Source</Filter>
    </None>
    <None Include="Graphics\DirectX\StructuredBuffer.cpp">
      <Filter>Graphics\DirectX\Source</Filter>
    </None>
    <None Include="Graphics\DirectX\Texture.cpp">
      <Filter>Graphics\DirectX\Source</Filter>
    </None>
    <None Include="Graphics\DirectX\UploadBuffer.cpp">
      <Filter>Graphics\DirectX\Source</Filter>
    </None>
    <None Include="Graphics\DirectX\VertexBuffer.cpp">
      <Filter>Graphics\DirectX\Source</Filter>
    </None>
    <None Include="packages.config" />
    <None Include="Graphics\Shaders\ShaderGlobalsCPUGPU.hlsli">
      <Filter>Graphics\Shaders</Filter>
    </None>
    <None Include="Graphics\Shaders\VoxelGI\globals.hlsli">
      <Filter>Graphics\Shaders\VoxelGI\HF</Filter>
    </None>
    <None Include="Graphics\Shaders\VoxelGI\objectHF.hlsli">
      <Filter>Graphics\Shaders\VoxelGI\HF</Filter>
    </None>
    <None Include="Graphics\Shaders\VoxelGI\voxelHF.hlsli">
      <Filter>Graphics\Shaders\VoxelGI\HF</Filter>
    </None>
    <None Include="Graphics\Shaders\VoxelGI\VoxelGIGlobalsGPU.hlsli">
      <Filter>Graphics\Shaders\VoxelGI</Filter>
    </None>
    <None Include="Graphics\Shaders\ShaderGlobalsGPU.hlsli">
      <Filter>Graphics\Shaders</Filter>
    </None>
  </ItemGroup>
  <ItemGroup>
    <FxCompile Include="Graphics\Shaders\SampleShaders\SampleVertexShader.hlsl">
      <Filter>Graphics\Shaders\SampleShaders\VS</Filter>
    </FxCompile>
    <FxCompile Include="Graphics\Shaders\SampleShaders\SamplePixelShader.hlsl">
      <Filter>Graphics\Shaders\SampleShaders\PS</Filter>
    </FxCompile>
    <FxCompile Include="Graphics\Shaders\VoxelGI\Voxelizer_GS.hlsl">
      <Filter>Graphics\Shaders\VoxelGI\GS</Filter>
    </FxCompile>
    <FxCompile Include="Graphics\Shaders\VoxelGI\Voxelizer_PS.hlsl">
      <Filter>Graphics\Shaders\VoxelGI\PS</Filter>
    </FxCompile>
  </ItemGroup>
  <ItemGroup>
    <ResourceCompile Include="VoxelConeTracing.rc" />
  </ItemGroup>
  <ItemGroup>
    <Image Include="Assets\woah.jpg">
      <Filter>Assets</Filter>
    </Image>
  </ItemGroup>
</Project>